
Microsoft Visual Studio Solution File, Format Version 12.00
# Visual Studio 15
VisualStudioVersion = 15.0.27703.2026
MinimumVisualStudioVersion = 10.0.40219.1
Project("{9A19103F-16F7-4668-BE54-9A1E7A4F7556}") = "WebServiceForAngular", "WebServiceForAngular\WebServiceForAngular.csproj", "{205F1DF1-2D8F-40A6-90BC-E62AFAB0F67B}"
EndProject
Project("{9A19103F-16F7-4668-BE54-9A1E7A4F7556}") = "WebServiceForAngular.BLL", "WebServiceForAngular.BLL\WebServiceForAngular.BLL.csproj", "{5A722297-7F35-4C6B-BF24-13EA5B9527A9}"
EndProject
Project("{9A19103F-16F7-4668-BE54-9A1E7A4F7556}") = "WebServiceForAngular.DAL", "WebServiceForAngular.DAL\WebServiceForAngular.DAL.csproj", "{32D1ACA6-A409-425A-A1B8-8C2649E60205}"
EndProject
Global
	GlobalSection(SolutionConfigurationPlatforms) = preSolution
		Debug|Any CPU = Debug|Any CPU
		Release|Any CPU = Release|Any CPU
	EndGlobalSection
	GlobalSection(ProjectConfigurationPlatforms) = postSolution
		{205F1DF1-2D8F-40A6-90BC-E62AFAB0F67B}.Debug|Any CPU.ActiveCfg = Debug|Any CPU
		{205F1DF1-2D8F-40A6-90BC-E62AFAB0F67B}.Debug|Any CPU.Build.0 = Debug|Any CPU
		{205F1DF1-2D8F-40A6-90BC-E62AFAB0F67B}.Release|Any CPU.ActiveCfg = Release|Any CPU
		{205F1DF1-2D8F-40A6-90BC-E62AFAB0F67B}.Release|Any CPU.Build.0 = Release|Any CPU
		{5A722297-7F35-4C6B-BF24-13EA5B9527A9}.Debug|Any CPU.ActiveCfg = Debug|Any CPU
		{5A722297-7F35-4C6B-BF24-13EA5B9527A9}.Debug|Any CPU.Build.0 = Debug|Any CPU
		{5A722297-7F35-4C6B-BF24-13EA5B9527A9}.Release|Any CPU.ActiveCfg = Release|Any CPU
		{5A722297-7F35-4C6B-BF24-13EA5B9527A9}.Release|Any CPU.Build.0 = Release|Any CPU
		{32D1ACA6-A409-425A-A1B8-8C2649E60205}.Debug|Any CPU.ActiveCfg = Debug|Any CPU
		{32D1ACA6-A409-425A-A1B8-8C2649E60205}.Debug|Any CPU.Build.0 = Debug|Any CPU
		{32D1ACA6-A409-425A-A1B8-8C2649E60205}.Release|Any CPU.ActiveCfg = Release|Any CPU
		{32D1ACA6-A409-425A-A1B8-8C2649E60205}.Release|Any CPU.Build.0 = Release|Any CPU
	EndGlobalSection
	GlobalSection(SolutionProperties) = preSolution
		HideSolutionNode = FALSE
	EndGlobalSection
	GlobalSection(ExtensibilityGlobals) = postSolution
		SolutionGuid = {834A4CE8-E085-4656-B15D-E8D2C7C8D0C0}
	EndGlobalSection
EndGlobal
